
Microsoft Visual Studio Solution File, Format Version 12.00
# Visual Studio Version 16
VisualStudioVersion = 16.0.29709.97
MinimumVisualStudioVersion = 10.0.40219.1
Project("{FAE04EC0-301F-11D3-BF4B-00C04F79EFBC}") = "RaocowDotnet", "RaocowDotnet\RaocowDotnet.csproj", "{D00F8787-F974-4BFC-B157-C3C3251353AA}"
EndProject
Global
	GlobalSection(SolutionConfigurationPlatforms) = preSolution
		Debug|Any CPU = Debug|Any CPU
		Release|Any CPU = Release|Any CPU
	EndGlobalSection
	GlobalSection(ProjectConfigurationPlatforms) = postSolution
		{D00F8787-F974-4BFC-B157-C3C3251353AA}.Debug|Any CPU.ActiveCfg = Debug|Any CPU
		{D00F8787-F974-4BFC-B157-C3C3251353AA}.Debug|Any CPU.Build.0 = Debug|Any CPU
		{D00F8787-F974-4BFC-B157-C3C3251353AA}.Release|Any CPU.ActiveCfg = Release|Any CPU
		{D00F8787-F974-4BFC-B157-C3C3251353AA}.Release|Any CPU.Build.0 = Release|Any CPU
	EndGlobalSection
	GlobalSection(SolutionProperties) = preSolution
		HideSolutionNode = FALSE
	EndGlobalSection
	GlobalSection(ExtensibilityGlobals) = postSolution
		SolutionGuid = {279C63A4-DF80-4B89-98C1-4DFBF8CCCAF2}
	EndGlobalSection
EndGlobal
